
Microsoft Visual Studio Solution File, Format Version 12.00
# Visual Studio 2013
VisualStudioVersion = 12.0.30324.0
MinimumVisualStudioVersion = 10.0.40219.1
Project("{FAE04EC0-301F-11D3-BF4B-00C04F79EFBC}") = "UnitsSystemTests", "TestUnitsSystem\UnitsSystemTests.csproj", "{764E2CD6-BB49-419C-92D4-39FF04E25316}"
EndProject
Project("{FAE04EC0-301F-11D3-BF4B-00C04F79EFBC}") = "UnitsSystem", "UnitsSystem\UnitsSystem.csproj", "{597327AB-127E-4F5E-B464-6D5E456976B9}"
EndProject
Global
	GlobalSection(SolutionConfigurationPlatforms) = preSolution
		Debug|Any CPU = Debug|Any CPU
		Release|Any CPU = Release|Any CPU
	EndGlobalSection
	GlobalSection(ProjectConfigurationPlatforms) = postSolution
		{764E2CD6-BB49-419C-92D4-39FF04E25316}.Debug|Any CPU.ActiveCfg = Debug|Any CPU
		{764E2CD6-BB49-419C-92D4-39FF04E25316}.Debug|Any CPU.Build.0 = Debug|Any CPU
		{764E2CD6-BB49-419C-92D4-39FF04E25316}.Release|Any CPU.ActiveCfg = Release|Any CPU
		{764E2CD6-BB49-419C-92D4-39FF04E25316}.Release|Any CPU.Build.0 = Release|Any CPU
		{597327AB-127E-4F5E-B464-6D5E456976B9}.Debug|Any CPU.ActiveCfg = Debug|Any CPU
		{597327AB-127E-4F5E-B464-6D5E456976B9}.Debug|Any CPU.Build.0 = Debug|Any CPU
		{597327AB-127E-4F5E-B464-6D5E456976B9}.Release|Any CPU.ActiveCfg = Release|Any CPU
		{597327AB-127E-4F5E-B464-6D5E456976B9}.Release|Any CPU.Build.0 = Release|Any CPU
	EndGlobalSection
	GlobalSection(SolutionProperties) = preSolution
		HideSolutionNode = FALSE
	EndGlobalSection
EndGlobal
